
Microsoft Visual Studio Solution File, Format Version 12.00
# Visual Studio 15
VisualStudioVersion = 15.0.27703.2026
MinimumVisualStudioVersion = 10.0.40219.1
Project("{FAE04EC0-301F-11D3-BF4B-00C04F79EFBC}") = "LiteJson", "LiteJson\LiteJson.csproj", "{986B6CF3-02C9-4FDE-805A-E7BD9BBFFF82}"
EndProject
Project("{FAE04EC0-301F-11D3-BF4B-00C04F79EFBC}") = "LiteJsonTest", "LiteJsonTest\LiteJsonTest.csproj", "{4954D73F-9CBE-4D81-B539-48F522AE583A}"
EndProject
Global
	GlobalSection(SolutionConfigurationPlatforms) = preSolution
		Debug|Any CPU = Debug|Any CPU
		Release|Any CPU = Release|Any CPU
	EndGlobalSection
	GlobalSection(ProjectConfigurationPlatforms) = postSolution
		{986B6CF3-02C9-4FDE-805A-E7BD9BBFFF82}.Debug|Any CPU.ActiveCfg = Debug|Any CPU
		{986B6CF3-02C9-4FDE-805A-E7BD9BBFFF82}.Debug|Any CPU.Build.0 = Debug|Any CPU
		{986B6CF3-02C9-4FDE-805A-E7BD9BBFFF82}.Release|Any CPU.ActiveCfg = Release|Any CPU
		{986B6CF3-02C9-4FDE-805A-E7BD9BBFFF82}.Release|Any CPU.Build.0 = Release|Any CPU
		{4954D73F-9CBE-4D81-B539-48F522AE583A}.Debug|Any CPU.ActiveCfg = Debug|Any CPU
		{4954D73F-9CBE-4D81-B539-48F522AE583A}.Debug|Any CPU.Build.0 = Debug|Any CPU
		{4954D73F-9CBE-4D81-B539-48F522AE583A}.Release|Any CPU.ActiveCfg = Release|Any CPU
		{4954D73F-9CBE-4D81-B539-48F522AE583A}.Release|Any CPU.Build.0 = Release|Any CPU
	EndGlobalSection
	GlobalSection(SolutionProperties) = preSolution
		HideSolutionNode = FALSE
	EndGlobalSection
	GlobalSection(ExtensibilityGlobals) = postSolution
		SolutionGuid = {311002BC-BE06-4DAA-8121-E698C4FD08BC}
	EndGlobalSection
EndGlobal
